{
  "nodes": {
    "comma": {
      "flake": false,
      "locked": {
        "lastModified": 1588170489,
        "narHash": "sha256-IT7zlcM1Oh4sWeCJ1m4NkteuajPxTnNo1tbitG0eqlg=",
        "owner": "Shopify",
        "repo": "comma",
        "rev": "4a62ec17e20ce0e738a8e5126b4298a73903b468",
        "type": "github"
      },
      "original": {
        "owner": "Shopify",
        "repo": "comma",
        "type": "github"
      }
    },
    "darwin": {
      "inputs": {
        "nixpkgs": [
          "nixpkgs"
        ]
      },
      "locked": {
        "lastModified": 1608628442,
        "narHash": "sha256-MNpNlZ2TqaQNiYuP8UcudfQoZAT/ocwFwFxhANSRt1c=",
        "owner": "lnl7",
        "repo": "nix-darwin",
        "rev": "8834df431736c3037bbef017b24c62bc4ace4645",
        "type": "github"
      },
      "original": {
        "owner": "lnl7",
        "repo": "nix-darwin",
        "type": "github"
      }
    },
    "flake-utils": {
      "locked": {
        "lastModified": 1610051610,
        "narHash": "sha256-U9rPz/usA1/Aohhk7Cmc2gBrEEKRzcW4nwPWMPwja4Y=",
        "owner": "numtide",
        "repo": "flake-utils",
        "rev": "3982c9903e93927c2164caa727cd3f6a0e6d14cc",
        "type": "github"
      },
      "original": {
        "owner": "numtide",
        "repo": "flake-utils",
        "type": "github"
      }
    },
    "home-manager": {
      "inputs": {
        "nixpkgs": [
          "nixpkgs"
        ]
      },
      "locked": {
        "lastModified": 1610791052,
        "narHash": "sha256-2sqrLo1O0OmutNyPZTg5lXDNPDgjcrlvAkQbo7pFUUY=",
        "owner": "nix-community",
        "repo": "home-manager",
        "rev": "8127799f79ee96129b295d78294f40a54078131f",
        "type": "github"
      },
      "original": {
        "owner": "nix-community",
        "repo": "home-manager",
        "type": "github"
      }
    },
    "nixos-stable": {
      "locked": {
        "lastModified": 1610870190,
        "narHash": "sha256-G0fY7YVFpMw7lLb9HgpZufpeAVmCCZkzZ+WDscy4ImY=",
        "owner": "nixos",
        "repo": "nixpkgs",
        "rev": "f5f66148b28b3d9b9b8381532052ad93a35d5d67",
        "type": "github"
      },
      "original": {
        "owner": "nixos",
        "ref": "nixos-20.09",
        "repo": "nixpkgs",
        "type": "github"
      }
    },
    "nixpkgs": {
      "locked": {
        "lastModified": 1610895936,
        "narHash": "sha256-S7eS8C0yC0rbHujBiE66sZ9Tf5EYZJwF7PCi5PjnOk4=",
        "owner": "nixos",
        "repo": "nixpkgs",
        "rev": "3876561795a7111dac8fd4b71e0279e46b08eed8",
        "type": "github"
      },
      "original": {
        "owner": "nixos",
        "ref": "nixpkgs-unstable",
        "repo": "nixpkgs",
        "type": "github"
      }
    },
    "nixpkgs-master": {
      "locked": {
        "lastModified": 1610925301,
        "narHash": "sha256-zbB21x6+P+ZBwaQtKrdE0ov4PGcPo01wbI9rl+8p43g=",
        "owner": "nixos",
        "repo": "nixpkgs",
        "rev": "6ec4a219ce75db09cec14247e29dddf1b055bf0d",
        "type": "github"
      },
      "original": {
        "owner": "nixos",
        "ref": "master",
        "repo": "nixpkgs",
        "type": "github"
      }
    },
    "nixpkgs-stable-darwin": {
      "locked": {
        "lastModified": 1610885893,
        "narHash": "sha256-VAETd1jhnWUJmq0b8Dbi9mo4qvS+AYC3d9tmVfnf2zQ=",
        "owner": "nixos",
        "repo": "nixpkgs",
        "rev": "3888fe83e1c7b5331d032177b039e91f83bf34e1",
        "type": "github"
      },
      "original": {
        "owner": "nixos",
        "ref": "nixpkgs-20.09-darwin",
        "repo": "nixpkgs",
        "type": "github"
      }
    },
    "nur": {
      "locked": {
        "lastModified": 1610921798,
        "narHash": "sha256-8mk2AW+A2p1/ZcM0V8H0ndI1Yaz3ronhVnEU8a0Um0I=",
        "owner": "nix-community",
        "repo": "NUR",
        "rev": "1790096f97816f9f8c51b12dbf80fca144d2ca02",
        "type": "github"
      },
      "original": {
        "owner": "nix-community",
        "repo": "NUR",
        "type": "github"
      }
    },
    "root": {
      "inputs": {
        "comma": "comma",
        "darwin": "darwin",
        "flake-utils": "flake-utils",
        "home-manager": "home-manager",
        "nixos-stable": "nixos-stable",
        "nixpkgs": "nixpkgs",
        "nixpkgs-master": "nixpkgs-master",
        "nixpkgs-stable-darwin": "nixpkgs-stable-darwin",
        "nur": "nur"
      }
    }
  },
  "root": "root",
  "version": 7
}
